
Microsoft Visual Studio Solution File, Format Version 12.00
# Visual Studio 15
VisualStudioVersion = 15.0.28010.2041
MinimumVisualStudioVersion = 10.0.40219.1
Project("{FAE04EC0-301F-11D3-BF4B-00C04F79EFBC}") = "SCElevators.Host", "SCElevators.Host\SCElevators.Host.csproj", "{B1979AD0-137B-411B-A842-8BFFD63B6AF6}"
EndProject
Project("{FAE04EC0-301F-11D3-BF4B-00C04F79EFBC}") = "SCElevators.Client", "SCElevators.Client\SCElevators.Client.csproj", "{2FF02521-FB70-435C-B94D-4B7056C9E899}"
EndProject
Project("{FAE04EC0-301F-11D3-BF4B-00C04F79EFBC}") = "SCElevators.Data", "SCElevators.Data\SCElevators.Data.csproj", "{B11D6C0F-DCD8-4403-A9CC-A42FD37A1BB6}"
EndProject
Project("{FAE04EC0-301F-11D3-BF4B-00C04F79EFBC}") = "SCElevators.Domain", "SCElevators.Domain\SCElevators.Domain.csproj", "{BC520933-EE81-4C42-9448-B6BDBEC5D88A}"
EndProject
Global
	GlobalSection(SolutionConfigurationPlatforms) = preSolution
		Debug|Any CPU = Debug|Any CPU
		Release|Any CPU = Release|Any CPU
	EndGlobalSection
	GlobalSection(ProjectConfigurationPlatforms) = postSolution
		{B1979AD0-137B-411B-A842-8BFFD63B6AF6}.Debug|Any CPU.ActiveCfg = Debug|Any CPU
		{B1979AD0-137B-411B-A842-8BFFD63B6AF6}.Debug|Any CPU.Build.0 = Debug|Any CPU
		{B1979AD0-137B-411B-A842-8BFFD63B6AF6}.Release|Any CPU.ActiveCfg = Release|Any CPU
		{B1979AD0-137B-411B-A842-8BFFD63B6AF6}.Release|Any CPU.Build.0 = Release|Any CPU
		{2FF02521-FB70-435C-B94D-4B7056C9E899}.Debug|Any CPU.ActiveCfg = Debug|Any CPU
		{2FF02521-FB70-435C-B94D-4B7056C9E899}.Debug|Any CPU.Build.0 = Debug|Any CPU
		{2FF02521-FB70-435C-B94D-4B7056C9E899}.Release|Any CPU.ActiveCfg = Release|Any CPU
		{2FF02521-FB70-435C-B94D-4B7056C9E899}.Release|Any CPU.Build.0 = Release|Any CPU
		{B11D6C0F-DCD8-4403-A9CC-A42FD37A1BB6}.Debug|Any CPU.ActiveCfg = Debug|Any CPU
		{B11D6C0F-DCD8-4403-A9CC-A42FD37A1BB6}.Debug|Any CPU.Build.0 = Debug|Any CPU
		{B11D6C0F-DCD8-4403-A9CC-A42FD37A1BB6}.Release|Any CPU.ActiveCfg = Release|Any CPU
		{B11D6C0F-DCD8-4403-A9CC-A42FD37A1BB6}.Release|Any CPU.Build.0 = Release|Any CPU
		{BC520933-EE81-4C42-9448-B6BDBEC5D88A}.Debug|Any CPU.ActiveCfg = Debug|Any CPU
		{BC520933-EE81-4C42-9448-B6BDBEC5D88A}.Debug|Any CPU.Build.0 = Debug|Any CPU
		{BC520933-EE81-4C42-9448-B6BDBEC5D88A}.Release|Any CPU.ActiveCfg = Release|Any CPU
		{BC520933-EE81-4C42-9448-B6BDBEC5D88A}.Release|Any CPU.Build.0 = Release|Any CPU
	EndGlobalSection
	GlobalSection(SolutionProperties) = preSolution
		HideSolutionNode = FALSE
	EndGlobalSection
	GlobalSection(ExtensibilityGlobals) = postSolution
		SolutionGuid = {F5ECFFDD-BEBB-4F98-AAB8-DBD6E303041D}
	EndGlobalSection
EndGlobal
